{
  "nodes": {
    "agenix": {
      "inputs": {
        "darwin": [
          "darwin"
        ],
        "nixpkgs": [
          "nixpkgs-unstable"
        ]
      },
      "locked": {
        "lastModified": 1680281360,
        "narHash": "sha256-XdLTgAzjJNDhAG2V+++0bHpSzfvArvr2pW6omiFfEJk=",
        "owner": "ryantm",
        "repo": "agenix",
        "rev": "e64961977f60388dd0b49572bb0fc453b871f896",
        "type": "github"
      },
      "original": {
        "owner": "ryantm",
        "repo": "agenix",
        "type": "github"
      }
    },
    "darwin": {
      "inputs": {
        "nixpkgs": [
          "nixpkgs-unstable"
        ]
      },
      "locked": {
        "lastModified": 1681154394,
        "narHash": "sha256-avnu1K9AuouygBiwVKuDp6emiTET43az3rcpv0ctLjc=",
        "owner": "LnL7",
        "repo": "nix-darwin",
        "rev": "025912529dd0b31dead95519e944ea05f1ad56f2",
        "type": "github"
      },
      "original": {
        "owner": "LnL7",
        "repo": "nix-darwin",
        "type": "github"
      }
    },
    "flake-compat": {
      "flake": false,
      "locked": {
        "lastModified": 1673956053,
        "narHash": "sha256-4gtG9iQuiKITOjNQQeQIpoIB6b16fm+504Ch3sNKLd8=",
        "owner": "edolstra",
        "repo": "flake-compat",
        "rev": "35bb57c0c8d8b62bbfd284272c928ceb64ddbde9",
        "type": "github"
      },
      "original": {
        "owner": "edolstra",
        "repo": "flake-compat",
        "type": "github"
      }
    },
    "flake-utils": {
      "inputs": {
        "systems": "systems"
      },
      "locked": {
        "lastModified": 1681202837,
        "narHash": "sha256-H+Rh19JDwRtpVPAWp64F+rlEtxUWBAQW28eAi3SRSzg=",
        "owner": "numtide",
        "repo": "flake-utils",
        "rev": "cfacdce06f30d2b68473a46042957675eebb3401",
        "type": "github"
      },
      "original": {
        "owner": "numtide",
        "repo": "flake-utils",
        "type": "github"
      }
    },
    "flake-utils_2": {
      "inputs": {
        "systems": "systems_2"
      },
      "locked": {
        "lastModified": 1681202837,
        "narHash": "sha256-H+Rh19JDwRtpVPAWp64F+rlEtxUWBAQW28eAi3SRSzg=",
        "owner": "numtide",
        "repo": "flake-utils",
        "rev": "cfacdce06f30d2b68473a46042957675eebb3401",
        "type": "github"
      },
      "original": {
        "owner": "numtide",
        "repo": "flake-utils",
        "type": "github"
      }
    },
    "focus-nvim": {
      "flake": false,
      "locked": {
        "lastModified": 1665534839,
        "narHash": "sha256-MpGDxBJ0IMMAIxuzFkxIgKtAn56NvpjfTNMVhnBhhsE=",
        "owner": "beauwilliams",
        "repo": "focus.nvim",
        "rev": "3d9df42aa4f9b572348418207b752f81adea09a5",
        "type": "github"
      },
      "original": {
        "owner": "beauwilliams",
        "repo": "focus.nvim",
        "type": "github"
      }
    },
    "home-manager": {
      "inputs": {
        "nixpkgs": [
          "nixpkgs-unstable"
        ]
      },
      "locked": {
        "lastModified": 1681935410,
        "narHash": "sha256-ab7lYrtHb6DyGQFYyxL8EV9/jE1udsvVSsXfMbb2O2k=",
        "owner": "nix-community",
        "repo": "home-manager",
        "rev": "571d0ed82538ea11f9ed4451fae892d9de8c3cc7",
        "type": "github"
      },
      "original": {
        "owner": "nix-community",
        "repo": "home-manager",
        "type": "github"
      }
    },
    "nixos-stable": {
      "locked": {
        "lastModified": 1672580127,
        "narHash": "sha256-3lW3xZslREhJogoOkjeZtlBtvFMyxHku7I/9IVehhT8=",
        "owner": "NixOS",
        "repo": "nixpkgs",
        "rev": "0874168639713f547c05947c76124f78441ea46c",
        "type": "github"
      },
      "original": {
        "owner": "NixOS",
        "ref": "nixos-22.05",
        "repo": "nixpkgs",
        "type": "github"
      }
    },
    "nixpkgs": {
      "locked": {
        "lastModified": 1681272286,
        "narHash": "sha256-9X5p+gwYrowgbsRgkf14HFI0fkr6UikuwRIQAMlF1yI=",
        "path": "/nix/store/mcqspn5p5dy263y3nfb0dfzi7inms7j0-source",
        "rev": "6b70761ea8c896aff8994eb367d9526686501860",
        "type": "path"
      },
      "original": {
        "id": "nixpkgs",
        "type": "indirect"
      }
    },
    "nixpkgs-master": {
      "locked": {
        "lastModified": 1681963077,
        "narHash": "sha256-8uJm8D6bJ7HEUkeHiWYbSfYKKhEIcgCsp/FQaGTS8RM=",
        "owner": "nixos",
        "repo": "nixpkgs",
        "rev": "7ddf6698abe1eec2479590144701ca88fe2fcfe9",
        "type": "github"
      },
      "original": {
        "owner": "nixos",
        "ref": "master",
        "repo": "nixpkgs",
        "type": "github"
      }
    },
    "nixpkgs-stable": {
      "locked": {
        "lastModified": 1672580127,
        "narHash": "sha256-3lW3xZslREhJogoOkjeZtlBtvFMyxHku7I/9IVehhT8=",
        "owner": "NixOS",
        "repo": "nixpkgs",
        "rev": "0874168639713f547c05947c76124f78441ea46c",
        "type": "github"
      },
      "original": {
        "owner": "NixOS",
        "ref": "nixpkgs-22.05-darwin",
        "repo": "nixpkgs",
        "type": "github"
      }
    },
    "nixpkgs-unstable": {
      "locked": {
        "lastModified": 1681753173,
        "narHash": "sha256-MrGmzZWLUqh2VstoikKLFFIELXm/lsf/G9U9zR96VD4=",
        "owner": "NixOS",
        "repo": "nixpkgs",
        "rev": "0a4206a51b386e5cda731e8ac78d76ad924c7125",
        "type": "github"
      },
      "original": {
        "owner": "NixOS",
        "ref": "nixpkgs-unstable",
        "repo": "nixpkgs",
        "type": "github"
      }
    },
    "plugin-foreign-env": {
      "flake": false,
      "locked": {
        "lastModified": 1673700138,
        "narHash": "sha256-vyW/X2lLjsieMpP9Wi2bZPjReaZBkqUbkh15zOi8T4Y=",
        "owner": "oh-my-fish",
        "repo": "plugin-foreign-env",
        "rev": "3ee95536106c11073d6ff466c1681cde31001383",
        "type": "github"
      },
      "original": {
        "owner": "oh-my-fish",
        "repo": "plugin-foreign-env",
        "type": "github"
      }
    },
    "pragmata-pro": {
      "inputs": {
        "flake-utils": "flake-utils_2",
        "nixpkgs": "nixpkgs"
      },
      "locked": {
        "lastModified": 1681668226,
        "narHash": "sha256-JV/39XYmwNqYntpjZNY0AoNoORYH16vdViqmzWFIhDM=",
        "owner": "johnhampton",
        "repo": "pragmata-pro",
        "rev": "88f3e89231ef88fcf3042f4e5af8d4821722f7bd",
        "type": "github"
      },
      "original": {
        "owner": "johnhampton",
        "repo": "pragmata-pro",
        "type": "github"
      }
    },
    "root": {
      "inputs": {
        "agenix": "agenix",
        "darwin": "darwin",
        "flake-compat": "flake-compat",
        "flake-utils": "flake-utils",
        "focus-nvim": "focus-nvim",
        "home-manager": "home-manager",
        "nixos-stable": "nixos-stable",
        "nixpkgs-master": "nixpkgs-master",
        "nixpkgs-stable": "nixpkgs-stable",
        "nixpkgs-unstable": "nixpkgs-unstable",
        "plugin-foreign-env": "plugin-foreign-env",
        "pragmata-pro": "pragmata-pro",
        "t-smart-tmux-session-manager": "t-smart-tmux-session-manager",
        "telescope-hoogle-nvim": "telescope-hoogle-nvim",
        "treesitter-just": "treesitter-just"
      }
    },
    "systems": {
      "locked": {
        "lastModified": 1681028828,
        "narHash": "sha256-Vy1rq5AaRuLzOxct8nz4T6wlgyUR7zLU309k9mBC768=",
        "owner": "nix-systems",
        "repo": "default",
        "rev": "da67096a3b9bf56a91d16901293e51ba5b49a27e",
        "type": "github"
      },
      "original": {
        "owner": "nix-systems",
        "repo": "default",
        "type": "github"
      }
    },
    "systems_2": {
      "locked": {
        "lastModified": 1681028828,
        "narHash": "sha256-Vy1rq5AaRuLzOxct8nz4T6wlgyUR7zLU309k9mBC768=",
        "owner": "nix-systems",
        "repo": "default",
        "rev": "da67096a3b9bf56a91d16901293e51ba5b49a27e",
        "type": "github"
      },
      "original": {
        "owner": "nix-systems",
        "repo": "default",
        "type": "github"
      }
    },
    "t-smart-tmux-session-manager": {
      "flake": false,
      "locked": {
        "lastModified": 1681764658,
        "narHash": "sha256-y38I2GMkZ0WnpcEUGyyQV1hZsfJD5DG1h56tFLYjCm0=",
        "owner": "joshmedeski",
        "repo": "t-smart-tmux-session-manager",
        "rev": "2268e250f7e66e6a3687361b816a0f41d01dea18",
        "type": "github"
      },
      "original": {
        "owner": "joshmedeski",
        "repo": "t-smart-tmux-session-manager",
        "type": "github"
      }
    },
    "telescope-hoogle-nvim": {
      "flake": false,
      "locked": {
        "lastModified": 1679276449,
        "narHash": "sha256-TmcvK4YiVQ9hREbURvYhaJn6bqy/C32q2ExXAzLGVoo=",
        "owner": "johnhampton",
        "repo": "telescope-hoogle.nvim",
        "rev": "47bb26531eb0d24a9e24ea11e3c969cd8478fb69",
        "type": "github"
      },
      "original": {
        "owner": "johnhampton",
        "repo": "telescope-hoogle.nvim",
        "type": "github"
      }
    },
    "treesitter-just": {
      "flake": false,
      "locked": {
        "lastModified": 1679148267,
        "narHash": "sha256-Qs0Klt9uj6Vgs4vJrjKXYD8nNe8KYdWCnADvogm4/l0=",
        "owner": "IndianBoy42",
        "repo": "tree-sitter-just",
        "rev": "4e5f5f3ff37b12a1bbf664eb3966b3019e924594",
        "type": "github"
      },
      "original": {
        "owner": "IndianBoy42",
        "repo": "tree-sitter-just",
        "type": "github"
      }
    }
  },
  "root": "root",
  "version": 7
}
