{
  "nodes": {
    "agenix": {
      "inputs": {
        "darwin": [
          "darwin"
        ],
        "home-manager": "home-manager",
        "nixpkgs": [
          "nixpkgs-unstable"
        ],
        "systems": "systems"
      },
      "locked": {
        "lastModified": 1747575206,
        "narHash": "sha256-NwmAFuDUO/PFcgaGGr4j3ozG9Pe5hZ/ogitWhY+D81k=",
        "owner": "ryantm",
        "repo": "agenix",
        "rev": "4835b1dc898959d8547a871ef484930675cb47f1",
        "type": "github"
      },
      "original": {
        "owner": "ryantm",
        "repo": "agenix",
        "type": "github"
      }
    },
    "darwin": {
      "inputs": {
        "nixpkgs": [
          "nixpkgs-unstable"
        ]
      },
      "locked": {
        "lastModified": 1749194393,
        "narHash": "sha256-vt6hM9DNywnXXuW1qPDLzECmbDcmxhh58wpb0EEQjAo=",
        "owner": "LnL7",
        "repo": "nix-darwin",
        "rev": "19346808c445f23b08652971be198b9df6c33edc",
        "type": "github"
      },
      "original": {
        "owner": "LnL7",
        "repo": "nix-darwin",
        "type": "github"
      }
    },
    "flake-compat": {
      "flake": false,
      "locked": {
        "lastModified": 1747046372,
        "narHash": "sha256-CIVLLkVgvHYbgI2UpXvIIBJ12HWgX+fjA8Xf8PUmqCY=",
        "owner": "edolstra",
        "repo": "flake-compat",
        "rev": "9100a0f413b0c601e0533d1d94ffd501ce2e7885",
        "type": "github"
      },
      "original": {
        "owner": "edolstra",
        "repo": "flake-compat",
        "type": "github"
      }
    },
    "flake-parts": {
      "inputs": {
        "nixpkgs-lib": [
          "nixvim",
          "nixpkgs"
        ]
      },
      "locked": {
        "lastModified": 1743550720,
        "narHash": "sha256-hIshGgKZCgWh6AYJpJmRgFdR3WUbkY04o82X05xqQiY=",
        "owner": "hercules-ci",
        "repo": "flake-parts",
        "rev": "c621e8422220273271f52058f618c94e405bb0f5",
        "type": "github"
      },
      "original": {
        "owner": "hercules-ci",
        "repo": "flake-parts",
        "type": "github"
      }
    },
    "flake-utils": {
      "inputs": {
        "systems": "systems_2"
      },
      "locked": {
        "lastModified": 1731533236,
        "narHash": "sha256-l0KFg5HjrsfsO/JpG+r7fRrqm12kzFHyUHqHCVpMMbI=",
        "owner": "numtide",
        "repo": "flake-utils",
        "rev": "11707dc2f618dd54ca8739b309ec4fc024de578b",
        "type": "github"
      },
      "original": {
        "owner": "numtide",
        "repo": "flake-utils",
        "type": "github"
      }
    },
    "flake-utils_2": {
      "locked": {
        "lastModified": 1678901627,
        "narHash": "sha256-U02riOqrKKzwjsxc/400XnElV+UtPUQWpANPlyazjH0=",
        "owner": "numtide",
        "repo": "flake-utils",
        "rev": "93a2b84fc4b70d9e089d029deacc3583435c2ed6",
        "type": "github"
      },
      "original": {
        "owner": "numtide",
        "repo": "flake-utils",
        "type": "github"
      }
    },
    "flake-utils_3": {
      "inputs": {
        "systems": "systems_3"
      },
      "locked": {
        "lastModified": 1731533236,
        "narHash": "sha256-l0KFg5HjrsfsO/JpG+r7fRrqm12kzFHyUHqHCVpMMbI=",
        "owner": "numtide",
        "repo": "flake-utils",
        "rev": "11707dc2f618dd54ca8739b309ec4fc024de578b",
        "type": "github"
      },
      "original": {
        "owner": "numtide",
        "repo": "flake-utils",
        "type": "github"
      }
    },
    "flake-utils_4": {
      "inputs": {
        "systems": "systems_5"
      },
      "locked": {
        "lastModified": 1681202837,
        "narHash": "sha256-H+Rh19JDwRtpVPAWp64F+rlEtxUWBAQW28eAi3SRSzg=",
        "owner": "numtide",
        "repo": "flake-utils",
        "rev": "cfacdce06f30d2b68473a46042957675eebb3401",
        "type": "github"
      },
      "original": {
        "owner": "numtide",
        "repo": "flake-utils",
        "type": "github"
      }
    },
    "focus-nvim": {
      "flake": false,
      "locked": {
        "lastModified": 1745775167,
        "narHash": "sha256-B786yg7FfiCmzUrM1yG6tH9xawlOAhtWo7V31lzHalY=",
        "owner": "nvim-focus",
        "repo": "focus.nvim",
        "rev": "5500e1a9e926eec5a361d910679282fd723c0a96",
        "type": "github"
      },
      "original": {
        "owner": "nvim-focus",
        "repo": "focus.nvim",
        "type": "github"
      }
    },
    "hchart": {
      "inputs": {
        "flake-utils": "flake-utils_2",
        "nixpkgs": "nixpkgs"
      },
      "locked": {
        "lastModified": 1682445082,
        "narHash": "sha256-phOgDw0DA+VPU7NQuNdQJbcCbgPX9pj66/v18h/okxk=",
        "owner": "topagentnetwork",
        "repo": "hchart",
        "rev": "c01cc4996fbf11343ecebd17c25f77ec92a461f5",
        "type": "github"
      },
      "original": {
        "owner": "topagentnetwork",
        "repo": "hchart",
        "type": "github"
      }
    },
    "home-manager": {
      "inputs": {
        "nixpkgs": [
          "agenix",
          "nixpkgs"
        ]
      },
      "locked": {
        "lastModified": 1745494811,
        "narHash": "sha256-YZCh2o9Ua1n9uCvrvi5pRxtuVNml8X2a03qIFfRKpFs=",
        "owner": "nix-community",
        "repo": "home-manager",
        "rev": "abfad3d2958c9e6300a883bd443512c55dfeb1be",
        "type": "github"
      },
      "original": {
        "owner": "nix-community",
        "repo": "home-manager",
        "type": "github"
      }
    },
    "home-manager_2": {
      "inputs": {
        "nixpkgs": [
          "nixpkgs-unstable"
        ]
      },
      "locked": {
        "lastModified": 1749358288,
        "narHash": "sha256-uAkTRJjGHz47l6UjhQoEHSrCGLYF542tJj4an885ttg=",
        "owner": "nix-community",
        "repo": "home-manager",
        "rev": "bd8946c773906d3e331efa02ea25b3a19a063d68",
        "type": "github"
      },
      "original": {
        "owner": "nix-community",
        "repo": "home-manager",
        "type": "github"
      }
    },
    "ixx": {
      "inputs": {
        "flake-utils": [
          "nixvim",
          "nuschtosSearch",
          "flake-utils"
        ],
        "nixpkgs": [
          "nixvim",
          "nuschtosSearch",
          "nixpkgs"
        ]
      },
      "locked": {
        "lastModified": 1748294338,
        "narHash": "sha256-FVO01jdmUNArzBS7NmaktLdGA5qA3lUMJ4B7a05Iynw=",
        "owner": "NuschtOS",
        "repo": "ixx",
        "rev": "cc5f390f7caf265461d4aab37e98d2292ebbdb85",
        "type": "github"
      },
      "original": {
        "owner": "NuschtOS",
        "ref": "v0.0.8",
        "repo": "ixx",
        "type": "github"
      }
    },
    "nix-index-database": {
      "inputs": {
        "nixpkgs": [
          "nixpkgs-unstable"
        ]
      },
      "locked": {
        "lastModified": 1749355504,
        "narHash": "sha256-L17CdJMD+/FCBOHjREQLXbe2VUnc3rjffenBbu2Kwpc=",
        "owner": "Mic92",
        "repo": "nix-index-database",
        "rev": "40a6e15e44b11fbf8f2b1df9d64dbfc117625e94",
        "type": "github"
      },
      "original": {
        "owner": "Mic92",
        "repo": "nix-index-database",
        "type": "github"
      }
    },
    "nixos-stable": {
      "locked": {
        "lastModified": 1685573264,
        "narHash": "sha256-Zffu01pONhs/pqH07cjlF10NnMDLok8ix5Uk4rhOnZQ=",
        "owner": "NixOS",
        "repo": "nixpkgs",
        "rev": "380be19fbd2d9079f677978361792cb25e8a3635",
        "type": "github"
      },
      "original": {
        "owner": "NixOS",
        "ref": "nixos-22.05",
        "repo": "nixpkgs",
        "type": "github"
      }
    },
    "nixpkgs": {
      "locked": {
        "lastModified": 1679644522,
        "narHash": "sha256-Fgi0g7NHz7h+/dXFdyDmUeQrARxmfzTlkcxsyiW3dPQ=",
        "owner": "NixOS",
        "repo": "nixpkgs",
        "rev": "d4660b45bc031d98cecd233babf1df7f6d64b65e",
        "type": "github"
      },
      "original": {
        "owner": "NixOS",
        "ref": "nixpkgs-unstable",
        "repo": "nixpkgs",
        "type": "github"
      }
    },
    "nixpkgs-master": {
      "locked": {
        "lastModified": 1749352675,
        "narHash": "sha256-zCL+p9dM/080IbG0K2WtjDwBnJQyAmz9LMRBytEU2XQ=",
        "owner": "nixos",
        "repo": "nixpkgs",
        "rev": "af9ffbb640bc2d815e36d3a1cab63766d96f356e",
        "type": "github"
      },
      "original": {
        "owner": "nixos",
        "ref": "master",
        "repo": "nixpkgs",
        "type": "github"
      }
    },
    "nixpkgs-stable": {
      "locked": {
        "lastModified": 1685573264,
        "narHash": "sha256-Zffu01pONhs/pqH07cjlF10NnMDLok8ix5Uk4rhOnZQ=",
        "owner": "NixOS",
        "repo": "nixpkgs",
        "rev": "380be19fbd2d9079f677978361792cb25e8a3635",
        "type": "github"
      },
      "original": {
        "owner": "NixOS",
        "ref": "nixpkgs-22.05-darwin",
        "repo": "nixpkgs",
        "type": "github"
      }
    },
    "nixpkgs-unstable": {
      "locked": {
        "lastModified": 1749213349,
        "narHash": "sha256-UAaWOyQhdp7nXzsbmLVC67fo+QetzoTm9hsPf9X3yr4=",
        "owner": "NixOS",
        "repo": "nixpkgs",
        "rev": "a4ff0e3c64846abea89662bfbacf037ef4b34207",
        "type": "github"
      },
      "original": {
        "owner": "NixOS",
        "ref": "nixpkgs-unstable",
        "repo": "nixpkgs",
        "type": "github"
      }
    },
    "nixpkgs_2": {
      "locked": {
        "lastModified": 1681272286,
        "narHash": "sha256-9X5p+gwYrowgbsRgkf14HFI0fkr6UikuwRIQAMlF1yI=",
        "path": "/nix/store/mcqspn5p5dy263y3nfb0dfzi7inms7j0-source",
        "rev": "6b70761ea8c896aff8994eb367d9526686501860",
        "type": "path"
      },
      "original": {
        "id": "nixpkgs",
        "type": "indirect"
      }
    },
    "nixvim": {
      "inputs": {
        "flake-parts": "flake-parts",
        "nixpkgs": [
          "nixpkgs-unstable"
        ],
        "nuschtosSearch": "nuschtosSearch",
        "systems": "systems_4"
      },
      "locked": {
        "lastModified": 1749200997,
        "narHash": "sha256-In+NjXI8kfJpamTmtytt+rnBzQ213Y9KW55IXvAAK/4=",
        "owner": "nix-community",
        "repo": "nixvim",
        "rev": "00524c7935f05606fd1b09e8700e9abcc4af7be8",
        "type": "github"
      },
      "original": {
        "owner": "nix-community",
        "repo": "nixvim",
        "type": "github"
      }
    },
    "nuschtosSearch": {
      "inputs": {
        "flake-utils": "flake-utils_3",
        "ixx": "ixx",
        "nixpkgs": [
          "nixvim",
          "nixpkgs"
        ]
      },
      "locked": {
        "lastModified": 1748298102,
        "narHash": "sha256-PP11GVwUt7F4ZZi5A5+99isuq39C59CKc5u5yVisU/U=",
        "owner": "NuschtOS",
        "repo": "search",
        "rev": "f8a1c221afb8b4c642ed11ac5ee6746b0fe1d32f",
        "type": "github"
      },
      "original": {
        "owner": "NuschtOS",
        "repo": "search",
        "type": "github"
      }
    },
    "nvim-aider": {
      "flake": false,
      "locked": {
        "lastModified": 1748584414,
        "narHash": "sha256-oVqH/IKzMIsPfGkivz8AWZKg1snJtw6/54owMqqcg+Y=",
        "owner": "GeorgesAlkhouri",
        "repo": "nvim-aider",
        "rev": "e15ea121074e774e436eb2223929fde7a01d4f52",
        "type": "github"
      },
      "original": {
        "owner": "GeorgesAlkhouri",
        "repo": "nvim-aider",
        "type": "github"
      }
    },
    "pragmata-pro": {
      "inputs": {
        "flake-utils": "flake-utils_4",
        "nixpkgs": "nixpkgs_2"
      },
      "locked": {
        "lastModified": 1725379800,
        "narHash": "sha256-P+e4Q5jRgyylkQz5q02CiKaMmWNguCd7fx0jVVagVJ0=",
        "owner": "johnhampton",
        "repo": "pragmata-pro",
        "rev": "b6fe09ba84c7eb33981832182a263d8df281a556",
        "type": "github"
      },
      "original": {
        "owner": "johnhampton",
        "repo": "pragmata-pro",
        "type": "github"
      }
    },
    "root": {
      "inputs": {
        "agenix": "agenix",
        "darwin": "darwin",
        "flake-compat": "flake-compat",
        "flake-utils": "flake-utils",
        "focus-nvim": "focus-nvim",
        "hchart": "hchart",
        "home-manager": "home-manager_2",
        "nix-index-database": "nix-index-database",
        "nixos-stable": "nixos-stable",
        "nixpkgs-master": "nixpkgs-master",
        "nixpkgs-stable": "nixpkgs-stable",
        "nixpkgs-unstable": "nixpkgs-unstable",
        "nixvim": "nixvim",
        "nvim-aider": "nvim-aider",
        "pragmata-pro": "pragmata-pro",
        "t-smart-tmux-session-manager": "t-smart-tmux-session-manager",
        "telescope-hoogle-nvim": "telescope-hoogle-nvim",
        "tmux-continuum": "tmux-continuum",
        "tmux-extrakto": "tmux-extrakto",
        "tmux-prefix-highlight": "tmux-prefix-highlight",
        "tmux-resurrect": "tmux-resurrect"
      }
    },
    "systems": {
      "locked": {
        "lastModified": 1681028828,
        "narHash": "sha256-Vy1rq5AaRuLzOxct8nz4T6wlgyUR7zLU309k9mBC768=",
        "owner": "nix-systems",
        "repo": "default",
        "rev": "da67096a3b9bf56a91d16901293e51ba5b49a27e",
        "type": "github"
      },
      "original": {
        "owner": "nix-systems",
        "repo": "default",
        "type": "github"
      }
    },
    "systems_2": {
      "locked": {
        "lastModified": 1681028828,
        "narHash": "sha256-Vy1rq5AaRuLzOxct8nz4T6wlgyUR7zLU309k9mBC768=",
        "owner": "nix-systems",
        "repo": "default",
        "rev": "da67096a3b9bf56a91d16901293e51ba5b49a27e",
        "type": "github"
      },
      "original": {
        "owner": "nix-systems",
        "repo": "default",
        "type": "github"
      }
    },
    "systems_3": {
      "locked": {
        "lastModified": 1681028828,
        "narHash": "sha256-Vy1rq5AaRuLzOxct8nz4T6wlgyUR7zLU309k9mBC768=",
        "owner": "nix-systems",
        "repo": "default",
        "rev": "da67096a3b9bf56a91d16901293e51ba5b49a27e",
        "type": "github"
      },
      "original": {
        "owner": "nix-systems",
        "repo": "default",
        "type": "github"
      }
    },
    "systems_4": {
      "locked": {
        "lastModified": 1681028828,
        "narHash": "sha256-Vy1rq5AaRuLzOxct8nz4T6wlgyUR7zLU309k9mBC768=",
        "owner": "nix-systems",
        "repo": "default",
        "rev": "da67096a3b9bf56a91d16901293e51ba5b49a27e",
        "type": "github"
      },
      "original": {
        "owner": "nix-systems",
        "repo": "default",
        "type": "github"
      }
    },
    "systems_5": {
      "locked": {
        "lastModified": 1681028828,
        "narHash": "sha256-Vy1rq5AaRuLzOxct8nz4T6wlgyUR7zLU309k9mBC768=",
        "owner": "nix-systems",
        "repo": "default",
        "rev": "da67096a3b9bf56a91d16901293e51ba5b49a27e",
        "type": "github"
      },
      "original": {
        "owner": "nix-systems",
        "repo": "default",
        "type": "github"
      }
    },
    "t-smart-tmux-session-manager": {
      "flake": false,
      "locked": {
        "lastModified": 1705612422,
        "narHash": "sha256-AMeYo3HVtRP1w8gQpok+/9fvNCXiMEzZ9ct+gUoL2V4=",
        "owner": "joshmedeski",
        "repo": "t-smart-tmux-session-manager",
        "rev": "3726950525ac9966412ea3f2093bf2ffe06aa023",
        "type": "github"
      },
      "original": {
        "owner": "joshmedeski",
        "repo": "t-smart-tmux-session-manager",
        "type": "github"
      }
    },
    "telescope-hoogle-nvim": {
      "flake": false,
      "locked": {
        "lastModified": 1679276449,
        "narHash": "sha256-TmcvK4YiVQ9hREbURvYhaJn6bqy/C32q2ExXAzLGVoo=",
        "owner": "johnhampton",
        "repo": "telescope-hoogle.nvim",
        "rev": "47bb26531eb0d24a9e24ea11e3c969cd8478fb69",
        "type": "github"
      },
      "original": {
        "owner": "johnhampton",
        "repo": "telescope-hoogle.nvim",
        "type": "github"
      }
    },
    "tmux-continuum": {
      "flake": false,
      "locked": {
        "lastModified": 1705754277,
        "narHash": "sha256-W71QyLwC/MXz3bcLR2aJeWcoXFI/A3itjpcWKAdVFJY=",
        "owner": "tmux-plugins",
        "repo": "tmux-continuum",
        "rev": "0698e8f4b17d6454c71bf5212895ec055c578da0",
        "type": "github"
      },
      "original": {
        "owner": "tmux-plugins",
        "repo": "tmux-continuum",
        "type": "github"
      }
    },
    "tmux-extrakto": {
      "flake": false,
      "locked": {
        "lastModified": 1734509803,
        "narHash": "sha256-pzinDE6zRne470Hid5Y53e5ZmUjieCsD/6xghBO3898=",
        "owner": "laktak",
        "repo": "extrakto",
        "rev": "3eb7eb498a493e06edbe898bc70c7b87bf1a630e",
        "type": "github"
      },
      "original": {
        "owner": "laktak",
        "repo": "extrakto",
        "type": "github"
      }
    },
    "tmux-prefix-highlight": {
      "flake": false,
      "locked": {
        "lastModified": 1740831683,
        "narHash": "sha256-wkMm2Myxau24E0fbXINPuL2dc8E4ZYe5Pa6A0fWhiw4=",
        "owner": "tmux-plugins",
        "repo": "tmux-prefix-highlight",
        "rev": "06cbb4ecd3a0a918ce355c70dc56d79debd455c7",
        "type": "github"
      },
      "original": {
        "owner": "tmux-plugins",
        "repo": "tmux-prefix-highlight",
        "type": "github"
      }
    },
    "tmux-resurrect": {
      "flake": false,
      "locked": {
        "lastModified": 1678098022,
        "narHash": "sha256-FcSjYyWjXM1B+WmiK2bqUNJYtH7sJBUsY2IjSur5TjY=",
        "owner": "tmux-plugins",
        "repo": "tmux-resurrect",
        "rev": "cff343cf9e81983d3da0c8562b01616f12e8d548",
        "type": "github"
      },
      "original": {
        "owner": "tmux-plugins",
        "repo": "tmux-resurrect",
        "type": "github"
      }
    }
  },
  "root": "root",
  "version": 7
}
